
Microsoft Visual Studio Solution File, Format Version 12.00
# Visual Studio 15
VisualStudioVersion = 15.0.26430.16
MinimumVisualStudioVersion = 10.0.40219.1
Project("{FAE04EC0-301F-11D3-BF4B-00C04F79EFBC}") = "CoapTest", "CoapTest\CoapTest.csproj", "{67F9D3A8-F71E-4428-913F-C37AE82CDB24}"
EndProject
Project("{FAE04EC0-301F-11D3-BF4B-00C04F79EFBC}") = "CoapTest.Droid", "CoapTest.Droid\CoapTest.Droid.csproj", "{F0D9AB74-6DA7-4E28-9C78-4B573E582657}"
	ProjectSection(ProjectDependencies) = postProject
		{FD628F6D-0999-48D7-88FF-009F9C15D78A} = {FD628F6D-0999-48D7-88FF-009F9C15D78A}
		{67F9D3A8-F71E-4428-913F-C37AE82CDB24} = {67F9D3A8-F71E-4428-913F-C37AE82CDB24}
	EndProjectSection
EndProject
Project("{FAE04EC0-301F-11D3-BF4B-00C04F79EFBC}") = "CoapTest.UWP", "CoapTest.UWP\CoapTest.UWP.csproj", "{4E7C9B9F-5533-4916-BF39-58E8B7047C70}"
EndProject
Project("{2150E333-8FDC-42A3-9474-1A3956D46DE8}") = "Solution Items", "Solution Items", "{40D63CC6-C16D-4631-B73E-7178484F88A1}"
	ProjectSection(SolutionItems) = preProject
		Readme.md = Readme.md
	EndProjectSection
EndProject
Project("{2150E333-8FDC-42A3-9474-1A3956D46DE8}") = "AndroidLibraries", "AndroidLibraries", "{38664F7E-E03D-4583-A82A-11D1DAFE4E58}"
EndProject
Project("{FAE04EC0-301F-11D3-BF4B-00C04F79EFBC}") = "com.rarepebble.colorpicker", "com.rarepebble.colorpicker\com.rarepebble.colorpicker.csproj", "{FD628F6D-0999-48D7-88FF-009F9C15D78A}"
EndProject
Global
	GlobalSection(SolutionConfigurationPlatforms) = preSolution
		Debug|Any CPU = Debug|Any CPU
		Debug|ARM = Debug|ARM
		Debug|x64 = Debug|x64
		Debug|x86 = Debug|x86
		Release|Any CPU = Release|Any CPU
		Release|ARM = Release|ARM
		Release|x64 = Release|x64
		Release|x86 = Release|x86
		Tests|Any CPU = Tests|Any CPU
		Tests|ARM = Tests|ARM
		Tests|x64 = Tests|x64
		Tests|x86 = Tests|x86
	EndGlobalSection
	GlobalSection(ProjectConfigurationPlatforms) = postSolution
		{67F9D3A8-F71E-4428-913F-C37AE82CDB24}.Debug|Any CPU.ActiveCfg = Debug|Any CPU
		{67F9D3A8-F71E-4428-913F-C37AE82CDB24}.Debug|Any CPU.Build.0 = Debug|Any CPU
		{67F9D3A8-F71E-4428-913F-C37AE82CDB24}.Debug|ARM.ActiveCfg = Debug|Any CPU
		{67F9D3A8-F71E-4428-913F-C37AE82CDB24}.Debug|ARM.Build.0 = Debug|Any CPU
		{67F9D3A8-F71E-4428-913F-C37AE82CDB24}.Debug|x64.ActiveCfg = Debug|Any CPU
		{67F9D3A8-F71E-4428-913F-C37AE82CDB24}.Debug|x64.Build.0 = Debug|Any CPU
		{67F9D3A8-F71E-4428-913F-C37AE82CDB24}.Debug|x86.ActiveCfg = Debug|Any CPU
		{67F9D3A8-F71E-4428-913F-C37AE82CDB24}.Debug|x86.Build.0 = Debug|Any CPU
		{67F9D3A8-F71E-4428-913F-C37AE82CDB24}.Release|Any CPU.ActiveCfg = Release|Any CPU
		{67F9D3A8-F71E-4428-913F-C37AE82CDB24}.Release|Any CPU.Build.0 = Release|Any CPU
		{67F9D3A8-F71E-4428-913F-C37AE82CDB24}.Release|ARM.ActiveCfg = Release|Any CPU
		{67F9D3A8-F71E-4428-913F-C37AE82CDB24}.Release|ARM.Build.0 = Release|Any CPU
		{67F9D3A8-F71E-4428-913F-C37AE82CDB24}.Release|x64.ActiveCfg = Release|Any CPU
		{67F9D3A8-F71E-4428-913F-C37AE82CDB24}.Release|x64.Build.0 = Release|Any CPU
		{67F9D3A8-F71E-4428-913F-C37AE82CDB24}.Release|x86.ActiveCfg = Release|Any CPU
		{67F9D3A8-F71E-4428-913F-C37AE82CDB24}.Release|x86.Build.0 = Release|Any CPU
		{67F9D3A8-F71E-4428-913F-C37AE82CDB24}.Tests|Any CPU.ActiveCfg = Debug|Any CPU
		{67F9D3A8-F71E-4428-913F-C37AE82CDB24}.Tests|Any CPU.Build.0 = Debug|Any CPU
		{67F9D3A8-F71E-4428-913F-C37AE82CDB24}.Tests|ARM.ActiveCfg = Debug|Any CPU
		{67F9D3A8-F71E-4428-913F-C37AE82CDB24}.Tests|ARM.Build.0 = Debug|Any CPU
		{67F9D3A8-F71E-4428-913F-C37AE82CDB24}.Tests|x64.ActiveCfg = Debug|Any CPU
		{67F9D3A8-F71E-4428-913F-C37AE82CDB24}.Tests|x64.Build.0 = Debug|Any CPU
		{67F9D3A8-F71E-4428-913F-C37AE82CDB24}.Tests|x86.ActiveCfg = Debug|Any CPU
		{67F9D3A8-F71E-4428-913F-C37AE82CDB24}.Tests|x86.Build.0 = Debug|Any CPU
		{F0D9AB74-6DA7-4E28-9C78-4B573E582657}.Debug|Any CPU.ActiveCfg = Debug|Any CPU
		{F0D9AB74-6DA7-4E28-9C78-4B573E582657}.Debug|Any CPU.Build.0 = Debug|Any CPU
		{F0D9AB74-6DA7-4E28-9C78-4B573E582657}.Debug|Any CPU.Deploy.0 = Debug|Any CPU
		{F0D9AB74-6DA7-4E28-9C78-4B573E582657}.Debug|ARM.ActiveCfg = Debug|Any CPU
		{F0D9AB74-6DA7-4E28-9C78-4B573E582657}.Debug|ARM.Build.0 = Debug|Any CPU
		{F0D9AB74-6DA7-4E28-9C78-4B573E582657}.Debug|ARM.Deploy.0 = Debug|Any CPU
		{F0D9AB74-6DA7-4E28-9C78-4B573E582657}.Debug|x64.ActiveCfg = Debug|Any CPU
		{F0D9AB74-6DA7-4E28-9C78-4B573E582657}.Debug|x64.Build.0 = Debug|Any CPU
		{F0D9AB74-6DA7-4E28-9C78-4B573E582657}.Debug|x64.Deploy.0 = Debug|Any CPU
		{F0D9AB74-6DA7-4E28-9C78-4B573E582657}.Debug|x86.ActiveCfg = Debug|Any CPU
		{F0D9AB74-6DA7-4E28-9C78-4B573E582657}.Debug|x86.Build.0 = Debug|Any CPU
		{F0D9AB74-6DA7-4E28-9C78-4B573E582657}.Debug|x86.Deploy.0 = Debug|Any CPU
		{F0D9AB74-6DA7-4E28-9C78-4B573E582657}.Release|Any CPU.ActiveCfg = Release|Any CPU
		{F0D9AB74-6DA7-4E28-9C78-4B573E582657}.Release|Any CPU.Build.0 = Release|Any CPU
		{F0D9AB74-6DA7-4E28-9C78-4B573E582657}.Release|Any CPU.Deploy.0 = Release|Any CPU
		{F0D9AB74-6DA7-4E28-9C78-4B573E582657}.Release|ARM.ActiveCfg = Release|Any CPU
		{F0D9AB74-6DA7-4E28-9C78-4B573E582657}.Release|ARM.Build.0 = Release|Any CPU
		{F0D9AB74-6DA7-4E28-9C78-4B573E582657}.Release|ARM.Deploy.0 = Release|Any CPU
		{F0D9AB74-6DA7-4E28-9C78-4B573E582657}.Release|x64.ActiveCfg = Release|Any CPU
		{F0D9AB74-6DA7-4E28-9C78-4B573E582657}.Release|x64.Build.0 = Release|Any CPU
		{F0D9AB74-6DA7-4E28-9C78-4B573E582657}.Release|x64.Deploy.0 = Release|Any CPU
		{F0D9AB74-6DA7-4E28-9C78-4B573E582657}.Release|x86.ActiveCfg = Release|Any CPU
		{F0D9AB74-6DA7-4E28-9C78-4B573E582657}.Release|x86.Build.0 = Release|Any CPU
		{F0D9AB74-6DA7-4E28-9C78-4B573E582657}.Release|x86.Deploy.0 = Release|Any CPU
		{F0D9AB74-6DA7-4E28-9C78-4B573E582657}.Tests|Any CPU.ActiveCfg = Debug|Any CPU
		{F0D9AB74-6DA7-4E28-9C78-4B573E582657}.Tests|ARM.ActiveCfg = Debug|Any CPU
		{F0D9AB74-6DA7-4E28-9C78-4B573E582657}.Tests|ARM.Build.0 = Debug|Any CPU
		{F0D9AB74-6DA7-4E28-9C78-4B573E582657}.Tests|ARM.Deploy.0 = Debug|Any CPU
		{F0D9AB74-6DA7-4E28-9C78-4B573E582657}.Tests|x64.ActiveCfg = Debug|Any CPU
		{F0D9AB74-6DA7-4E28-9C78-4B573E582657}.Tests|x64.Build.0 = Debug|Any CPU
		{F0D9AB74-6DA7-4E28-9C78-4B573E582657}.Tests|x64.Deploy.0 = Debug|Any CPU
		{F0D9AB74-6DA7-4E28-9C78-4B573E582657}.Tests|x86.ActiveCfg = Debug|Any CPU
		{F0D9AB74-6DA7-4E28-9C78-4B573E582657}.Tests|x86.Build.0 = Debug|Any CPU
		{F0D9AB74-6DA7-4E28-9C78-4B573E582657}.Tests|x86.Deploy.0 = Debug|Any CPU
		{4E7C9B9F-5533-4916-BF39-58E8B7047C70}.Debug|Any CPU.ActiveCfg = Debug|x86
		{4E7C9B9F-5533-4916-BF39-58E8B7047C70}.Debug|Any CPU.Build.0 = Debug|x86
		{4E7C9B9F-5533-4916-BF39-58E8B7047C70}.Debug|Any CPU.Deploy.0 = Debug|x86
		{4E7C9B9F-5533-4916-BF39-58E8B7047C70}.Debug|ARM.ActiveCfg = Debug|ARM
		{4E7C9B9F-5533-4916-BF39-58E8B7047C70}.Debug|ARM.Build.0 = Debug|ARM
		{4E7C9B9F-5533-4916-BF39-58E8B7047C70}.Debug|ARM.Deploy.0 = Debug|ARM
		{4E7C9B9F-5533-4916-BF39-58E8B7047C70}.Debug|x64.ActiveCfg = Debug|x64
		{4E7C9B9F-5533-4916-BF39-58E8B7047C70}.Debug|x64.Build.0 = Debug|x64
		{4E7C9B9F-5533-4916-BF39-58E8B7047C70}.Debug|x64.Deploy.0 = Debug|x64
		{4E7C9B9F-5533-4916-BF39-58E8B7047C70}.Debug|x86.ActiveCfg = Debug|x86
		{4E7C9B9F-5533-4916-BF39-58E8B7047C70}.Debug|x86.Build.0 = Debug|x86
		{4E7C9B9F-5533-4916-BF39-58E8B7047C70}.Debug|x86.Deploy.0 = Debug|x86
		{4E7C9B9F-5533-4916-BF39-58E8B7047C70}.Release|Any CPU.ActiveCfg = Release|x86
		{4E7C9B9F-5533-4916-BF39-58E8B7047C70}.Release|Any CPU.Build.0 = Release|x86
		{4E7C9B9F-5533-4916-BF39-58E8B7047C70}.Release|Any CPU.Deploy.0 = Release|x86
		{4E7C9B9F-5533-4916-BF39-58E8B7047C70}.Release|ARM.ActiveCfg = Release|ARM
		{4E7C9B9F-5533-4916-BF39-58E8B7047C70}.Release|ARM.Build.0 = Release|ARM
		{4E7C9B9F-5533-4916-BF39-58E8B7047C70}.Release|ARM.Deploy.0 = Release|ARM
		{4E7C9B9F-5533-4916-BF39-58E8B7047C70}.Release|x64.ActiveCfg = Release|x64
		{4E7C9B9F-5533-4916-BF39-58E8B7047C70}.Release|x64.Build.0 = Release|x64
		{4E7C9B9F-5533-4916-BF39-58E8B7047C70}.Release|x64.Deploy.0 = Release|x64
		{4E7C9B9F-5533-4916-BF39-58E8B7047C70}.Release|x86.ActiveCfg = Release|x86
		{4E7C9B9F-5533-4916-BF39-58E8B7047C70}.Release|x86.Build.0 = Release|x86
		{4E7C9B9F-5533-4916-BF39-58E8B7047C70}.Release|x86.Deploy.0 = Release|x86
		{4E7C9B9F-5533-4916-BF39-58E8B7047C70}.Tests|Any CPU.ActiveCfg = Debug|x86
		{4E7C9B9F-5533-4916-BF39-58E8B7047C70}.Tests|ARM.ActiveCfg = Debug|ARM
		{4E7C9B9F-5533-4916-BF39-58E8B7047C70}.Tests|ARM.Build.0 = Debug|ARM
		{4E7C9B9F-5533-4916-BF39-58E8B7047C70}.Tests|ARM.Deploy.0 = Debug|ARM
		{4E7C9B9F-5533-4916-BF39-58E8B7047C70}.Tests|x64.ActiveCfg = Debug|x64
		{4E7C9B9F-5533-4916-BF39-58E8B7047C70}.Tests|x64.Build.0 = Debug|x64
		{4E7C9B9F-5533-4916-BF39-58E8B7047C70}.Tests|x64.Deploy.0 = Debug|x64
		{4E7C9B9F-5533-4916-BF39-58E8B7047C70}.Tests|x86.ActiveCfg = Debug|x86
		{4E7C9B9F-5533-4916-BF39-58E8B7047C70}.Tests|x86.Build.0 = Debug|x86
		{4E7C9B9F-5533-4916-BF39-58E8B7047C70}.Tests|x86.Deploy.0 = Debug|x86
		{FD628F6D-0999-48D7-88FF-009F9C15D78A}.Debug|Any CPU.ActiveCfg = Debug|Any CPU
		{FD628F6D-0999-48D7-88FF-009F9C15D78A}.Debug|Any CPU.Build.0 = Debug|Any CPU
		{FD628F6D-0999-48D7-88FF-009F9C15D78A}.Debug|ARM.ActiveCfg = Debug|Any CPU
		{FD628F6D-0999-48D7-88FF-009F9C15D78A}.Debug|ARM.Build.0 = Debug|Any CPU
		{FD628F6D-0999-48D7-88FF-009F9C15D78A}.Debug|x64.ActiveCfg = Debug|Any CPU
		{FD628F6D-0999-48D7-88FF-009F9C15D78A}.Debug|x64.Build.0 = Debug|Any CPU
		{FD628F6D-0999-48D7-88FF-009F9C15D78A}.Debug|x86.ActiveCfg = Debug|Any CPU
		{FD628F6D-0999-48D7-88FF-009F9C15D78A}.Debug|x86.Build.0 = Debug|Any CPU
		{FD628F6D-0999-48D7-88FF-009F9C15D78A}.Release|Any CPU.ActiveCfg = Release|Any CPU
		{FD628F6D-0999-48D7-88FF-009F9C15D78A}.Release|Any CPU.Build.0 = Release|Any CPU
		{FD628F6D-0999-48D7-88FF-009F9C15D78A}.Release|ARM.ActiveCfg = Release|Any CPU
		{FD628F6D-0999-48D7-88FF-009F9C15D78A}.Release|ARM.Build.0 = Release|Any CPU
		{FD628F6D-0999-48D7-88FF-009F9C15D78A}.Release|x64.ActiveCfg = Release|Any CPU
		{FD628F6D-0999-48D7-88FF-009F9C15D78A}.Release|x64.Build.0 = Release|Any CPU
		{FD628F6D-0999-48D7-88FF-009F9C15D78A}.Release|x86.ActiveCfg = Release|Any CPU
		{FD628F6D-0999-48D7-88FF-009F9C15D78A}.Release|x86.Build.0 = Release|Any CPU
		{FD628F6D-0999-48D7-88FF-009F9C15D78A}.Tests|Any CPU.ActiveCfg = Debug|Any CPU
		{FD628F6D-0999-48D7-88FF-009F9C15D78A}.Tests|ARM.ActiveCfg = Debug|Any CPU
		{FD628F6D-0999-48D7-88FF-009F9C15D78A}.Tests|ARM.Build.0 = Debug|Any CPU
		{FD628F6D-0999-48D7-88FF-009F9C15D78A}.Tests|x64.ActiveCfg = Debug|Any CPU
		{FD628F6D-0999-48D7-88FF-009F9C15D78A}.Tests|x64.Build.0 = Debug|Any CPU
		{FD628F6D-0999-48D7-88FF-009F9C15D78A}.Tests|x86.ActiveCfg = Debug|Any CPU
		{FD628F6D-0999-48D7-88FF-009F9C15D78A}.Tests|x86.Build.0 = Debug|Any CPU
	EndGlobalSection
	GlobalSection(SolutionProperties) = preSolution
		HideSolutionNode = FALSE
	EndGlobalSection
	GlobalSection(NestedProjects) = preSolution
		{FD628F6D-0999-48D7-88FF-009F9C15D78A} = {38664F7E-E03D-4583-A82A-11D1DAFE4E58}
	EndGlobalSection
EndGlobal
